{
    "_readme": [
        "This file locks the dependencies of your project to a known state",
        "Read more about it at https://getcomposer.org/doc/01-basic-usage.md#installing-dependencies",
        "This file is @generated automatically"
    ],
    "content-hash": "f87652623d6eef44ca7659b7f37fe5ea",
    "packages": [
        {
            "name": "nuovatech/neon",
            "version": "dev-master",
            "source": {
                "type": "git",
                "url": "https://github.com/Nuovatechbr/neon.git",
                "reference": "e23f13a79acbf266d6f307dc02fc8e1f0889d42d"
            },
            "dist": {
                "type": "zip",
                "url": "https://api.github.com/repos/Nuovatechbr/neon/zipball/e23f13a79acbf266d6f307dc02fc8e1f0889d42d",
                "reference": "e23f13a79acbf266d6f307dc02fc8e1f0889d42d",
                "shasum": ""
            },
            "require": {
                "php": ">=7.4"
            },
            "default-branch": true,
            "type": "library",
            "autoload": {
                "psr-4": {
                    "Nuovatech\\Neon\\": "core/",
                    "Nuovatech\\Neon\\Sample\\": "app/"
                }
            },
            "notification-url": "https://packagist.org/downloads/",
            "license": [
                "GPL-3.0-or-later"
            ],
            "authors": [
                {
                    "name": "Eduardo Marinho",
                    "email": "nuovatech@outlook.com"
                }
            ],
            "description": "Framework PHP",
            "support": {
                "issues": "https://github.com/Nuovatechbr/neon/issues",
                "source": "https://github.com/Nuovatechbr/neon/tree/master"
            },
            "time": "2023-02-07T20:35:10+00:00"
        },
        {
            "name": "twbs/bootstrap",
            "version": "v4.6.2",
            "source": {
                "type": "git",
                "url": "https://github.com/twbs/bootstrap.git",
                "reference": "e5643aaa89eb67327a5b4abe7db976f0ea276b70"
            },
            "dist": {
                "type": "zip",
                "url": "https://api.github.com/repos/twbs/bootstrap/zipball/e5643aaa89eb67327a5b4abe7db976f0ea276b70",
                "reference": "e5643aaa89eb67327a5b4abe7db976f0ea276b70",
                "shasum": ""
            },
            "replace": {
                "twitter/bootstrap": "self.version"
            },
            "type": "library",
            "extra": {
                "branch-alias": {
                    "dev-master": "3.3.x-dev"
                }
            },
            "notification-url": "https://packagist.org/downloads/",
            "license": [
                "MIT"
            ],
            "authors": [
                {
                    "name": "Mark Otto",
                    "email": "markdotto@gmail.com"
                },
                {
                    "name": "Jacob Thornton",
                    "email": "jacobthornton@gmail.com"
                }
            ],
            "description": "The most popular front-end framework for developing responsive, mobile first projects on the web.",
            "homepage": "https://getbootstrap.com/",
            "keywords": [
                "JS",
                "css",
                "framework",
                "front-end",
                "mobile-first",
                "responsive",
                "sass",
                "web"
            ],
            "support": {
                "issues": "https://github.com/twbs/bootstrap/issues",
                "source": "https://github.com/twbs/bootstrap/tree/v4.6.2"
            },
            "time": "2022-07-19T15:13:44+00:00"
        }
    ],
    "packages-dev": [],
    "aliases": [],
    "minimum-stability": "stable",
    "stability-flags": {
        "nuovatech/neon": 20
    },
    "prefer-stable": false,
    "prefer-lowest": false,
    "platform": {
        "php": ">=7.4"
    },
    "platform-dev": [],
    "plugin-api-version": "2.3.0"
}
